
Microsoft Visual Studio Solution File, Format Version 12.00
# Visual Studio 15
VisualStudioVersion = 15.0.26430.15
MinimumVisualStudioVersion = 10.0.40219.1
Project("{FAE04EC0-301F-11D3-BF4B-00C04F79EFBC}") = "SimpleFactory", "SimpleFactory\SimpleFactory.csproj", "{CFDC5D9F-4DE6-4FD6-BE3B-12B2086A6593}"
EndProject
Project("{FAE04EC0-301F-11D3-BF4B-00C04F79EFBC}") = "StatePattern", "StatePattern\StatePattern.csproj", "{AA1E24D4-8F86-42F0-9352-8266D4ADAE4F}"
EndProject
Global
	GlobalSection(SolutionConfigurationPlatforms) = preSolution
		Debug|Any CPU = Debug|Any CPU
		Release|Any CPU = Release|Any CPU
	EndGlobalSection
	GlobalSection(ProjectConfigurationPlatforms) = postSolution
		{CFDC5D9F-4DE6-4FD6-BE3B-12B2086A6593}.Debug|Any CPU.ActiveCfg = Debug|Any CPU
		{CFDC5D9F-4DE6-4FD6-BE3B-12B2086A6593}.Debug|Any CPU.Build.0 = Debug|Any CPU
		{CFDC5D9F-4DE6-4FD6-BE3B-12B2086A6593}.Release|Any CPU.ActiveCfg = Release|Any CPU
		{CFDC5D9F-4DE6-4FD6-BE3B-12B2086A6593}.Release|Any CPU.Build.0 = Release|Any CPU
		{AA1E24D4-8F86-42F0-9352-8266D4ADAE4F}.Debug|Any CPU.ActiveCfg = Debug|Any CPU
		{AA1E24D4-8F86-42F0-9352-8266D4ADAE4F}.Debug|Any CPU.Build.0 = Debug|Any CPU
		{AA1E24D4-8F86-42F0-9352-8266D4ADAE4F}.Release|Any CPU.ActiveCfg = Release|Any CPU
		{AA1E24D4-8F86-42F0-9352-8266D4ADAE4F}.Release|Any CPU.Build.0 = Release|Any CPU
	EndGlobalSection
	GlobalSection(SolutionProperties) = preSolution
		HideSolutionNode = FALSE
	EndGlobalSection
EndGlobal
