
Microsoft Visual Studio Solution File, Format Version 12.00
# Visual Studio 15
VisualStudioVersion = 15.0.26430.15
MinimumVisualStudioVersion = 10.0.40219.1
Project("{FAE04EC0-301F-11D3-BF4B-00C04F79EFBC}") = "SimpleFactory", "SimpleFactory\SimpleFactory.csproj", "{CFDC5D9F-4DE6-4FD6-BE3B-12B2086A6593}"
EndProject
Project("{FAE04EC0-301F-11D3-BF4B-00C04F79EFBC}") = "StatePattern", "StatePattern\StatePattern.csproj", "{AA1E24D4-8F86-42F0-9352-8266D4ADAE4F}"
EndProject
Project("{FAE04EC0-301F-11D3-BF4B-00C04F79EFBC}") = "Singleton", "Singleton\Singleton.csproj", "{0C29FE46-FEB0-4ADF-B541-B110086DB088}"
EndProject
Project("{FAE04EC0-301F-11D3-BF4B-00C04F79EFBC}") = "UnitOfWork", "UnitOfWork\UnitOfWork.csproj", "{FE19A975-7418-48F3-8EBE-A49EFB72C6A8}"
EndProject
Project("{FAE04EC0-301F-11D3-BF4B-00C04F79EFBC}") = "Specification", "Specification\Specification.csproj", "{A811A43E-9961-426F-8FAB-D4A00C420DCD}"
EndProject
Project("{FAE04EC0-301F-11D3-BF4B-00C04F79EFBC}") = "Strategy", "Strategy\Strategy.csproj", "{FB78C8E3-D4B5-4004-8850-CD1F4C93B913}"
EndProject
Project("{FAE04EC0-301F-11D3-BF4B-00C04F79EFBC}") = "ChainOfResponsibility", "ChainOfResponsibility\ChainOfResponsibility.csproj", "{47F11DC1-DF04-48E6-85D0-00A4D230020B}"
EndProject
Project("{FAE04EC0-301F-11D3-BF4B-00C04F79EFBC}") = "UnitTestProject", "UnitTestProject\UnitTestProject.csproj", "{DC268FF8-27EA-4C46-957B-5C3B030EF744}"
EndProject
Global
	GlobalSection(SolutionConfigurationPlatforms) = preSolution
		Debug|Any CPU = Debug|Any CPU
		Release|Any CPU = Release|Any CPU
	EndGlobalSection
	GlobalSection(ProjectConfigurationPlatforms) = postSolution
		{CFDC5D9F-4DE6-4FD6-BE3B-12B2086A6593}.Debug|Any CPU.ActiveCfg = Debug|Any CPU
		{CFDC5D9F-4DE6-4FD6-BE3B-12B2086A6593}.Debug|Any CPU.Build.0 = Debug|Any CPU
		{CFDC5D9F-4DE6-4FD6-BE3B-12B2086A6593}.Release|Any CPU.ActiveCfg = Release|Any CPU
		{CFDC5D9F-4DE6-4FD6-BE3B-12B2086A6593}.Release|Any CPU.Build.0 = Release|Any CPU
		{AA1E24D4-8F86-42F0-9352-8266D4ADAE4F}.Debug|Any CPU.ActiveCfg = Debug|Any CPU
		{AA1E24D4-8F86-42F0-9352-8266D4ADAE4F}.Debug|Any CPU.Build.0 = Debug|Any CPU
		{AA1E24D4-8F86-42F0-9352-8266D4ADAE4F}.Release|Any CPU.ActiveCfg = Release|Any CPU
		{AA1E24D4-8F86-42F0-9352-8266D4ADAE4F}.Release|Any CPU.Build.0 = Release|Any CPU
		{0C29FE46-FEB0-4ADF-B541-B110086DB088}.Debug|Any CPU.ActiveCfg = Debug|Any CPU
		{0C29FE46-FEB0-4ADF-B541-B110086DB088}.Debug|Any CPU.Build.0 = Debug|Any CPU
		{0C29FE46-FEB0-4ADF-B541-B110086DB088}.Release|Any CPU.ActiveCfg = Release|Any CPU
		{0C29FE46-FEB0-4ADF-B541-B110086DB088}.Release|Any CPU.Build.0 = Release|Any CPU
		{FE19A975-7418-48F3-8EBE-A49EFB72C6A8}.Debug|Any CPU.ActiveCfg = Debug|Any CPU
		{FE19A975-7418-48F3-8EBE-A49EFB72C6A8}.Debug|Any CPU.Build.0 = Debug|Any CPU
		{FE19A975-7418-48F3-8EBE-A49EFB72C6A8}.Release|Any CPU.ActiveCfg = Release|Any CPU
		{FE19A975-7418-48F3-8EBE-A49EFB72C6A8}.Release|Any CPU.Build.0 = Release|Any CPU
		{A811A43E-9961-426F-8FAB-D4A00C420DCD}.Debug|Any CPU.ActiveCfg = Debug|Any CPU
		{A811A43E-9961-426F-8FAB-D4A00C420DCD}.Debug|Any CPU.Build.0 = Debug|Any CPU
		{A811A43E-9961-426F-8FAB-D4A00C420DCD}.Release|Any CPU.ActiveCfg = Release|Any CPU
		{A811A43E-9961-426F-8FAB-D4A00C420DCD}.Release|Any CPU.Build.0 = Release|Any CPU
		{FB78C8E3-D4B5-4004-8850-CD1F4C93B913}.Debug|Any CPU.ActiveCfg = Debug|Any CPU
		{FB78C8E3-D4B5-4004-8850-CD1F4C93B913}.Debug|Any CPU.Build.0 = Debug|Any CPU
		{FB78C8E3-D4B5-4004-8850-CD1F4C93B913}.Release|Any CPU.ActiveCfg = Release|Any CPU
		{FB78C8E3-D4B5-4004-8850-CD1F4C93B913}.Release|Any CPU.Build.0 = Release|Any CPU
		{47F11DC1-DF04-48E6-85D0-00A4D230020B}.Debug|Any CPU.ActiveCfg = Debug|Any CPU
		{47F11DC1-DF04-48E6-85D0-00A4D230020B}.Debug|Any CPU.Build.0 = Debug|Any CPU
		{47F11DC1-DF04-48E6-85D0-00A4D230020B}.Release|Any CPU.ActiveCfg = Release|Any CPU
		{47F11DC1-DF04-48E6-85D0-00A4D230020B}.Release|Any CPU.Build.0 = Release|Any CPU
		{DC268FF8-27EA-4C46-957B-5C3B030EF744}.Debug|Any CPU.ActiveCfg = Debug|Any CPU
		{DC268FF8-27EA-4C46-957B-5C3B030EF744}.Debug|Any CPU.Build.0 = Debug|Any CPU
		{DC268FF8-27EA-4C46-957B-5C3B030EF744}.Release|Any CPU.ActiveCfg = Release|Any CPU
		{DC268FF8-27EA-4C46-957B-5C3B030EF744}.Release|Any CPU.Build.0 = Release|Any CPU
	EndGlobalSection
	GlobalSection(SolutionProperties) = preSolution
		HideSolutionNode = FALSE
	EndGlobalSection
EndGlobal
